
Microsoft Visual Studio Solution File, Format Version 12.00
# Visual Studio Version 16
VisualStudioVersion = 16.0.33027.164
MinimumVisualStudioVersion = 10.0.40219.1
Project("{8BC9CEB8-8B4A-11D0-8D11-00A0C91BC942}") = "pp5lab", "pp5lab.vcxproj", "{499DBB8C-6192-4058-90A8-4DED657F1910}"
EndProject
Global
	GlobalSection(SolutionConfigurationPlatforms) = preSolution
		Debug|x64 = Debug|x64
		Release|x64 = Release|x64
	EndGlobalSection
	GlobalSection(ProjectConfigurationPlatforms) = postSolution
		{499DBB8C-6192-4058-90A8-4DED657F1910}.Debug|x64.ActiveCfg = Debug|x64
		{499DBB8C-6192-4058-90A8-4DED657F1910}.Debug|x64.Build.0 = Debug|x64
		{499DBB8C-6192-4058-90A8-4DED657F1910}.Release|x64.ActiveCfg = Release|x64
		{499DBB8C-6192-4058-90A8-4DED657F1910}.Release|x64.Build.0 = Release|x64
	EndGlobalSection
	GlobalSection(SolutionProperties) = preSolution
		HideSolutionNode = FALSE
	EndGlobalSection
	GlobalSection(ExtensibilityGlobals) = postSolution
		SolutionGuid = {F33C11A6-4FB6-407D-9197-708FB97CDBEE}
	EndGlobalSection
EndGlobal
